
Microsoft Visual Studio Solution File, Format Version 12.00
# Visual Studio 14
VisualStudioVersion = 14.0.24720.0
MinimumVisualStudioVersion = 10.0.40219.1
Project("{FAE04EC0-301F-11D3-BF4B-00C04F79EFBC}") = "AutomatonOfLife", "AutomatonOfLife\AutomatonOfLife.csproj", "{6BB0BB49-E872-46E0-B573-22B3B647B8CE}"
EndProject
Project("{FAE04EC0-301F-11D3-BF4B-00C04F79EFBC}") = "Rulesclass", "Rulesclass\Rulesclass.csproj", "{FF0D8635-4073-481B-8D0A-A4575EE4F784}"
EndProject
Global
	GlobalSection(SolutionConfigurationPlatforms) = preSolution
		Debug|Any CPU = Debug|Any CPU
		Release|Any CPU = Release|Any CPU
	EndGlobalSection
	GlobalSection(ProjectConfigurationPlatforms) = postSolution
		{6BB0BB49-E872-46E0-B573-22B3B647B8CE}.Debug|Any CPU.ActiveCfg = Debug|Any CPU
		{6BB0BB49-E872-46E0-B573-22B3B647B8CE}.Debug|Any CPU.Build.0 = Debug|Any CPU
		{6BB0BB49-E872-46E0-B573-22B3B647B8CE}.Release|Any CPU.ActiveCfg = Release|Any CPU
		{6BB0BB49-E872-46E0-B573-22B3B647B8CE}.Release|Any CPU.Build.0 = Release|Any CPU
		{FF0D8635-4073-481B-8D0A-A4575EE4F784}.Debug|Any CPU.ActiveCfg = Debug|Any CPU
		{FF0D8635-4073-481B-8D0A-A4575EE4F784}.Debug|Any CPU.Build.0 = Debug|Any CPU
		{FF0D8635-4073-481B-8D0A-A4575EE4F784}.Release|Any CPU.ActiveCfg = Release|Any CPU
		{FF0D8635-4073-481B-8D0A-A4575EE4F784}.Release|Any CPU.Build.0 = Release|Any CPU
	EndGlobalSection
	GlobalSection(SolutionProperties) = preSolution
		HideSolutionNode = FALSE
	EndGlobalSection
EndGlobal
